
Microsoft Visual Studio Solution File, Format Version 12.00
# Visual Studio 15
VisualStudioVersion = 15.0.27130.2036
MinimumVisualStudioVersion = 10.0.40219.1
Project("{FAE04EC0-301F-11D3-BF4B-00C04F79EFBC}") = "reverse_words_csharp", "reverse_words_csharp\reverse_words_csharp.csproj", "{51ABBCC6-77B6-48C8-86E7-F604459FE276}"
EndProject
Global
	GlobalSection(SolutionConfigurationPlatforms) = preSolution
		Debug|Any CPU = Debug|Any CPU
		Release|Any CPU = Release|Any CPU
	EndGlobalSection
	GlobalSection(ProjectConfigurationPlatforms) = postSolution
		{51ABBCC6-77B6-48C8-86E7-F604459FE276}.Debug|Any CPU.ActiveCfg = Debug|Any CPU
		{51ABBCC6-77B6-48C8-86E7-F604459FE276}.Debug|Any CPU.Build.0 = Debug|Any CPU
		{51ABBCC6-77B6-48C8-86E7-F604459FE276}.Release|Any CPU.ActiveCfg = Release|Any CPU
		{51ABBCC6-77B6-48C8-86E7-F604459FE276}.Release|Any CPU.Build.0 = Release|Any CPU
	EndGlobalSection
	GlobalSection(SolutionProperties) = preSolution
		HideSolutionNode = FALSE
	EndGlobalSection
	GlobalSection(ExtensibilityGlobals) = postSolution
		SolutionGuid = {2C2C6870-A1D2-4C90-8168-BD01878F234E}
	EndGlobalSection
EndGlobal
