
Microsoft Visual Studio Solution File, Format Version 12.00
# Visual Studio 15
VisualStudioVersion = 15.0.27130.2027
MinimumVisualStudioVersion = 10.0.40219.1
Project("{FAE04EC0-301F-11D3-BF4B-00C04F79EFBC}") = "harmless_ransom_note_csharp", "harmless_ransom_note_csharp\harmless_ransom_note_csharp.csproj", "{C6038971-C964-4A9F-A46A-3253DAC6BB38}"
EndProject
Global
	GlobalSection(SolutionConfigurationPlatforms) = preSolution
		Debug|Any CPU = Debug|Any CPU
		Release|Any CPU = Release|Any CPU
	EndGlobalSection
	GlobalSection(ProjectConfigurationPlatforms) = postSolution
		{C6038971-C964-4A9F-A46A-3253DAC6BB38}.Debug|Any CPU.ActiveCfg = Debug|Any CPU
		{C6038971-C964-4A9F-A46A-3253DAC6BB38}.Debug|Any CPU.Build.0 = Debug|Any CPU
		{C6038971-C964-4A9F-A46A-3253DAC6BB38}.Release|Any CPU.ActiveCfg = Release|Any CPU
		{C6038971-C964-4A9F-A46A-3253DAC6BB38}.Release|Any CPU.Build.0 = Release|Any CPU
	EndGlobalSection
	GlobalSection(SolutionProperties) = preSolution
		HideSolutionNode = FALSE
	EndGlobalSection
	GlobalSection(ExtensibilityGlobals) = postSolution
		SolutionGuid = {0999060A-ECFC-45C6-864E-436873D6D0DA}
	EndGlobalSection
EndGlobal
